
Microsoft Visual Studio Solution File, Format Version 12.00
# Visual Studio 15
VisualStudioVersion = 15.0.28307.645
MinimumVisualStudioVersion = 10.0.40219.1
Project("{FAE04EC0-301F-11D3-BF4B-00C04F79EFBC}") = "GameServer", "GameServer\GameServer.csproj", "{CEF51BC2-2913-4A99-9B82-A6EBAEBA53DA}"
EndProject
Global
	GlobalSection(SolutionConfigurationPlatforms) = preSolution
		Debug|Any CPU = Debug|Any CPU
		Release|Any CPU = Release|Any CPU
	EndGlobalSection
	GlobalSection(ProjectConfigurationPlatforms) = postSolution
		{CEF51BC2-2913-4A99-9B82-A6EBAEBA53DA}.Debug|Any CPU.ActiveCfg = Debug|Any CPU
		{CEF51BC2-2913-4A99-9B82-A6EBAEBA53DA}.Debug|Any CPU.Build.0 = Debug|Any CPU
		{CEF51BC2-2913-4A99-9B82-A6EBAEBA53DA}.Release|Any CPU.ActiveCfg = Release|Any CPU
		{CEF51BC2-2913-4A99-9B82-A6EBAEBA53DA}.Release|Any CPU.Build.0 = Release|Any CPU
	EndGlobalSection
	GlobalSection(SolutionProperties) = preSolution
		HideSolutionNode = FALSE
	EndGlobalSection
	GlobalSection(ExtensibilityGlobals) = postSolution
		SolutionGuid = {CB31D40A-1DF0-4BBF-860C-9797A938A2E3}
	EndGlobalSection
EndGlobal
